lockfileVersion: '6.0'

settings:
  autoInstallPeers: true
  excludeLinksFromLockfile: false

dependencies:
  '@twilcynder/commandline':
    specifier: ^1.4.0
    version: 1.4.0
  basic-ftp:
    specifier: ^5.0.4
    version: 5.0.4

packages:

  /@twilcynder/commandline@1.4.0:
    resolution: {integrity: sha512-Y4lw5HYwG9vmEML+xiHYFROrbLSi5nyk2DjZXN1Clzpj6sFG3LzGXklYda1wl0H3CbNbAUfOqWwERg1fYeA/9A==}
    dev: false

  /basic-ftp@5.0.4:
    resolution: {integrity: sha512-8PzkB0arJFV4jJWSGOYR+OEic6aeKMu/osRhBULN6RY0ykby6LKhbmuQ5ublvaas5BOwboah5D87nrHyuh8PPA==}
    engines: {node: '>=10.0.0'}
    dev: false
